{
    "_meta": {
        "hash": {
            "sha256": "ea7d2665407ec8e1acbd39ee0a908d5fde3e92e09b832aed89828485161987fa"
        },
        "pipfile-spec": 6,
        "requires": {
            "python_version": "3.8"
        },
        "sources": [
            {
                "name": "pypi",
                "url": "https://pypi.org/simple",
                "verify_ssl": true
            }
        ]
    },
    "default": {
        "docopt": {
            "hashes": [
                "sha256:49b3a825280bd66b3aa83585ef59c4a8c82f2c8a522dbe754a8bc8d08c85c491"
            ],
            "version": "==0.6.2"
        },
        "future": {
            "hashes": [
                "sha256:b1bead90b70cf6ec3f0710ae53a525360fa360d306a86583adc6bf83a4db537d"
            ],
            "markers": "python_version >= '2.6' and python_version not in '3.0, 3.1, 3.2, 3.3'",
            "version": "==0.18.2"
        },
        "six": {
            "hashes": [
                "sha256:30639c035cdb23534cd4aa2dd52c3bf48f06e5f4a941509c8bafd8ce11080259",
                "sha256:8b74bedcbbbaca38ff6d7491d76f2b06b3592611af620f8426e82dddb04a5ced"
            ],
            "markers": "python_version >= '2.7' and python_version not in '3.0, 3.1, 3.2, 3.3'",
            "version": "==1.15.0"
        },
        "stomp.py": {
            "hashes": [
                "sha256:1f6c7e1e5089b1d8a75161e66533cabb9895de5121cc3900cb7e12c41c1bda18",
                "sha256:8a1ed68cd8b12f41ba56a8dfeff995e7866d1d47ed7f53aaa78da3bea44696b8"
            ],
            "index": "pypi",
            "version": "==6.1.0"
        },
        "stomper": {
            "hashes": [
                "sha256:3b4dbeadbb6d6cb958fe0c245779038ff0a08cd040971b69f770d779761661fa",
                "sha256:e0d157db9bc1d5e2d0356bcd322fa9010d9d02cf403ca97618e8454d2697f0a9"
            ],
            "index": "pypi",
            "version": "==0.4.3"
        },
        "websocket-client": {
            "hashes": [
                "sha256:0fc45c961324d79c781bab301359d5a1b00b13ad1b10415a4780229ef71a5549",
                "sha256:d735b91d6d1692a6a181f2a8c9e0238e5f6373356f561bb9dc4c7af36f452010"
            ],
            "index": "pypi",
            "version": "==0.57.0"
        }
    },
    "develop": {}
}
